
Microsoft Visual Studio Solution File, Format Version 12.00
# Visual Studio Version 17
VisualStudioVersion = 17.10.34928.147
MinimumVisualStudioVersion = 10.0.40219.1
Project("{FAE04EC0-301F-11D3-BF4B-00C04F79EFBC}") = "DoAn_Tetris", "DoAn_Tetris\DoAn_Tetris.csproj", "{6B65D0AF-AC13-4191-A198-4E61B8522122}"
EndProject
Global
	GlobalSection(SolutionConfigurationPlatforms) = preSolution
		Debug|Any CPU = Debug|Any CPU
		Release|Any CPU = Release|Any CPU
	EndGlobalSection
	GlobalSection(ProjectConfigurationPlatforms) = postSolution
		{6B65D0AF-AC13-4191-A198-4E61B8522122}.Debug|Any CPU.ActiveCfg = Debug|Any CPU
		{6B65D0AF-AC13-4191-A198-4E61B8522122}.Debug|Any CPU.Build.0 = Debug|Any CPU
		{6B65D0AF-AC13-4191-A198-4E61B8522122}.Release|Any CPU.ActiveCfg = Release|Any CPU
		{6B65D0AF-AC13-4191-A198-4E61B8522122}.Release|Any CPU.Build.0 = Release|Any CPU
	EndGlobalSection
	GlobalSection(SolutionProperties) = preSolution
		HideSolutionNode = FALSE
	EndGlobalSection
	GlobalSection(ExtensibilityGlobals) = postSolution
		SolutionGuid = {AA4209FF-25A6-41A6-A2DC-8F63632B6F40}
	EndGlobalSection
EndGlobal
